
Microsoft Visual Studio Solution File, Format Version 12.00
# Visual Studio 15
VisualStudioVersion = 15.0.26403.7
MinimumVisualStudioVersion = 10.0.40219.1
Project("{2150E333-8FDC-42A3-9474-1A3956D46DE8}") = "Solution Items", "Solution Items", "{B03304F8-1DA1-47CC-B7FC-0AA74F3CFE7B}"
EndProject
Project("{8BC9CEB8-8B4A-11D0-8D11-00A0C91BC942}") = "MyTaskPool", "Projects\MyTaskPool\MyTaskPool.vcxproj", "{24D4CB04-E46C-40A9-B6B7-CBC6AD9BA26E}"
EndProject
Project("{8BC9CEB8-8B4A-11D0-8D11-00A0C91BC942}") = "MyCallBack", "Projects\MyCallBack\MyCallBack.vcxproj", "{B15CE7D1-A4C3-4136-9AAB-1E48842571DB}"
EndProject
Project("{8BC9CEB8-8B4A-11D0-8D11-00A0C91BC942}") = "MyDecorator", "Projects\MyDecorator\MyDecorator.vcxproj", "{8CA45730-D135-48DF-8FE7-4607FAA8C48C}"
EndProject
Project("{8BC9CEB8-8B4A-11D0-8D11-00A0C91BC942}") = "MyDelegate", "Projects\MyDelegate\MyDelegate.vcxproj", "{127282BC-AD85-4D74-B3D9-38EFE13C62FC}"
EndProject
Project("{8BC9CEB8-8B4A-11D0-8D11-00A0C91BC942}") = "MyFactoryMethod", "Projects\MyFactoryMethod\MyFactoryMethod.vcxproj", "{1925B4AA-2306-4EA8-89C2-794701B145B2}"
EndProject
Project("{8BC9CEB8-8B4A-11D0-8D11-00A0C91BC942}") = "MyPImpl", "Projects\MyPImpl\MyPImpl.vcxproj", "{6FEA92C3-6D7C-4982-975C-2EC70FDE54E0}"
EndProject
Project("{8BC9CEB8-8B4A-11D0-8D11-00A0C91BC942}") = "MySingleton", "Projects\MySingleton\MySingleton.vcxproj", "{97B4D201-D834-470C-83D6-320A4CCC264B}"
EndProject
Project("{8BC9CEB8-8B4A-11D0-8D11-00A0C91BC942}") = "MyStrategy", "Projects\MyStrategy\MyStrategy.vcxproj", "{8299258A-2F90-4581-ADA4-82E0286B7621}"
EndProject
Project("{8BC9CEB8-8B4A-11D0-8D11-00A0C91BC942}") = "MyThread", "Projects\MyThread\MyThread.vcxproj", "{5A80B885-E8E9-4127-BCEA-9765042DCBAF}"
EndProject
Project("{8BC9CEB8-8B4A-11D0-8D11-00A0C91BC942}") = "MyVisitor", "Projects\MyVisitor\MyVisitor.vcxproj", "{E4B05A67-A12D-4A0B-830D-EB1BEFB9F343}"
EndProject
Project("{8BC9CEB8-8B4A-11D0-8D11-00A0C91BC942}") = "MyJson", "Projects\MyJson\MyJson.vcxproj", "{2EF3ADD5-2702-4272-A546-56721AD7C7A1}"
EndProject
Project("{8BC9CEB8-8B4A-11D0-8D11-00A0C91BC942}") = "MyObjectsPool", "Projects\MyObjectsPool\MyObjectsPool.vcxproj", "{7C18D98E-2602-4F76-8F50-2746356EF18F}"
EndProject
Project("{8BC9CEB8-8B4A-11D0-8D11-00A0C91BC942}") = "MyFunctionReference", "Projects\MyFunctionReference\MyFunctionReference.vcxproj", "{3A4B0CAE-2383-44B2-A2A9-A28F2F8CA61B}"
EndProject
Global
	GlobalSection(SolutionConfigurationPlatforms) = preSolution
		Debug|x64 = Debug|x64
		Debug|x86 = Debug|x86
		Release|x64 = Release|x64
		Release|x86 = Release|x86
	EndGlobalSection
	GlobalSection(ProjectConfigurationPlatforms) = postSolution
		{24D4CB04-E46C-40A9-B6B7-CBC6AD9BA26E}.Debug|x64.ActiveCfg = Debug|x64
		{24D4CB04-E46C-40A9-B6B7-CBC6AD9BA26E}.Debug|x64.Build.0 = Debug|x64
		{24D4CB04-E46C-40A9-B6B7-CBC6AD9BA26E}.Debug|x86.ActiveCfg = Debug|Win32
		{24D4CB04-E46C-40A9-B6B7-CBC6AD9BA26E}.Debug|x86.Build.0 = Debug|Win32
		{24D4CB04-E46C-40A9-B6B7-CBC6AD9BA26E}.Release|x64.ActiveCfg = Release|x64
		{24D4CB04-E46C-40A9-B6B7-CBC6AD9BA26E}.Release|x64.Build.0 = Release|x64
		{24D4CB04-E46C-40A9-B6B7-CBC6AD9BA26E}.Release|x86.ActiveCfg = Release|Win32
		{24D4CB04-E46C-40A9-B6B7-CBC6AD9BA26E}.Release|x86.Build.0 = Release|Win32
		{B15CE7D1-A4C3-4136-9AAB-1E48842571DB}.Debug|x64.ActiveCfg = Debug|x64
		{B15CE7D1-A4C3-4136-9AAB-1E48842571DB}.Debug|x64.Build.0 = Debug|x64
		{B15CE7D1-A4C3-4136-9AAB-1E48842571DB}.Debug|x86.ActiveCfg = Debug|Win32
		{B15CE7D1-A4C3-4136-9AAB-1E48842571DB}.Debug|x86.Build.0 = Debug|Win32
		{B15CE7D1-A4C3-4136-9AAB-1E48842571DB}.Release|x64.ActiveCfg = Release|x64
		{B15CE7D1-A4C3-4136-9AAB-1E48842571DB}.Release|x64.Build.0 = Release|x64
		{B15CE7D1-A4C3-4136-9AAB-1E48842571DB}.Release|x86.ActiveCfg = Release|Win32
		{B15CE7D1-A4C3-4136-9AAB-1E48842571DB}.Release|x86.Build.0 = Release|Win32
		{8CA45730-D135-48DF-8FE7-4607FAA8C48C}.Debug|x64.ActiveCfg = Debug|x64
		{8CA45730-D135-48DF-8FE7-4607FAA8C48C}.Debug|x64.Build.0 = Debug|x64
		{8CA45730-D135-48DF-8FE7-4607FAA8C48C}.Debug|x86.ActiveCfg = Debug|Win32
		{8CA45730-D135-48DF-8FE7-4607FAA8C48C}.Debug|x86.Build.0 = Debug|Win32
		{8CA45730-D135-48DF-8FE7-4607FAA8C48C}.Release|x64.ActiveCfg = Release|x64
		{8CA45730-D135-48DF-8FE7-4607FAA8C48C}.Release|x64.Build.0 = Release|x64
		{8CA45730-D135-48DF-8FE7-4607FAA8C48C}.Release|x86.ActiveCfg = Release|Win32
		{8CA45730-D135-48DF-8FE7-4607FAA8C48C}.Release|x86.Build.0 = Release|Win32
		{127282BC-AD85-4D74-B3D9-38EFE13C62FC}.Debug|x64.ActiveCfg = Debug|x64
		{127282BC-AD85-4D74-B3D9-38EFE13C62FC}.Debug|x64.Build.0 = Debug|x64
		{127282BC-AD85-4D74-B3D9-38EFE13C62FC}.Debug|x86.ActiveCfg = Debug|Win32
		{127282BC-AD85-4D74-B3D9-38EFE13C62FC}.Debug|x86.Build.0 = Debug|Win32
		{127282BC-AD85-4D74-B3D9-38EFE13C62FC}.Release|x64.ActiveCfg = Release|x64
		{127282BC-AD85-4D74-B3D9-38EFE13C62FC}.Release|x64.Build.0 = Release|x64
		{127282BC-AD85-4D74-B3D9-38EFE13C62FC}.Release|x86.ActiveCfg = Release|Win32
		{127282BC-AD85-4D74-B3D9-38EFE13C62FC}.Release|x86.Build.0 = Release|Win32
		{1925B4AA-2306-4EA8-89C2-794701B145B2}.Debug|x64.ActiveCfg = Debug|x64
		{1925B4AA-2306-4EA8-89C2-794701B145B2}.Debug|x64.Build.0 = Debug|x64
		{1925B4AA-2306-4EA8-89C2-794701B145B2}.Debug|x86.ActiveCfg = Debug|Win32
		{1925B4AA-2306-4EA8-89C2-794701B145B2}.Debug|x86.Build.0 = Debug|Win32
		{1925B4AA-2306-4EA8-89C2-794701B145B2}.Release|x64.ActiveCfg = Release|x64
		{1925B4AA-2306-4EA8-89C2-794701B145B2}.Release|x64.Build.0 = Release|x64
		{1925B4AA-2306-4EA8-89C2-794701B145B2}.Release|x86.ActiveCfg = Release|Win32
		{1925B4AA-2306-4EA8-89C2-794701B145B2}.Release|x86.Build.0 = Release|Win32
		{6FEA92C3-6D7C-4982-975C-2EC70FDE54E0}.Debug|x64.ActiveCfg = Debug|x64
		{6FEA92C3-6D7C-4982-975C-2EC70FDE54E0}.Debug|x64.Build.0 = Debug|x64
		{6FEA92C3-6D7C-4982-975C-2EC70FDE54E0}.Debug|x86.ActiveCfg = Debug|Win32
		{6FEA92C3-6D7C-4982-975C-2EC70FDE54E0}.Debug|x86.Build.0 = Debug|Win32
		{6FEA92C3-6D7C-4982-975C-2EC70FDE54E0}.Release|x64.ActiveCfg = Release|x64
		{6FEA92C3-6D7C-4982-975C-2EC70FDE54E0}.Release|x64.Build.0 = Release|x64
		{6FEA92C3-6D7C-4982-975C-2EC70FDE54E0}.Release|x86.ActiveCfg = Release|Win32
		{6FEA92C3-6D7C-4982-975C-2EC70FDE54E0}.Release|x86.Build.0 = Release|Win32
		{97B4D201-D834-470C-83D6-320A4CCC264B}.Debug|x64.ActiveCfg = Debug|x64
		{97B4D201-D834-470C-83D6-320A4CCC264B}.Debug|x64.Build.0 = Debug|x64
		{97B4D201-D834-470C-83D6-320A4CCC264B}.Debug|x86.ActiveCfg = Debug|Win32
		{97B4D201-D834-470C-83D6-320A4CCC264B}.Debug|x86.Build.0 = Debug|Win32
		{97B4D201-D834-470C-83D6-320A4CCC264B}.Release|x64.ActiveCfg = Release|x64
		{97B4D201-D834-470C-83D6-320A4CCC264B}.Release|x64.Build.0 = Release|x64
		{97B4D201-D834-470C-83D6-320A4CCC264B}.Release|x86.ActiveCfg = Release|Win32
		{97B4D201-D834-470C-83D6-320A4CCC264B}.Release|x86.Build.0 = Release|Win32
		{8299258A-2F90-4581-ADA4-82E0286B7621}.Debug|x64.ActiveCfg = Debug|x64
		{8299258A-2F90-4581-ADA4-82E0286B7621}.Debug|x64.Build.0 = Debug|x64
		{8299258A-2F90-4581-ADA4-82E0286B7621}.Debug|x86.ActiveCfg = Debug|Win32
		{8299258A-2F90-4581-ADA4-82E0286B7621}.Debug|x86.Build.0 = Debug|Win32
		{8299258A-2F90-4581-ADA4-82E0286B7621}.Release|x64.ActiveCfg = Release|x64
		{8299258A-2F90-4581-ADA4-82E0286B7621}.Release|x64.Build.0 = Release|x64
		{8299258A-2F90-4581-ADA4-82E0286B7621}.Release|x86.ActiveCfg = Release|Win32
		{8299258A-2F90-4581-ADA4-82E0286B7621}.Release|x86.Build.0 = Release|Win32
		{5A80B885-E8E9-4127-BCEA-9765042DCBAF}.Debug|x64.ActiveCfg = Debug|x64
		{5A80B885-E8E9-4127-BCEA-9765042DCBAF}.Debug|x64.Build.0 = Debug|x64
		{5A80B885-E8E9-4127-BCEA-9765042DCBAF}.Debug|x86.ActiveCfg = Debug|Win32
		{5A80B885-E8E9-4127-BCEA-9765042DCBAF}.Debug|x86.Build.0 = Debug|Win32
		{5A80B885-E8E9-4127-BCEA-9765042DCBAF}.Release|x64.ActiveCfg = Release|x64
		{5A80B885-E8E9-4127-BCEA-9765042DCBAF}.Release|x64.Build.0 = Release|x64
		{5A80B885-E8E9-4127-BCEA-9765042DCBAF}.Release|x86.ActiveCfg = Release|Win32
		{5A80B885-E8E9-4127-BCEA-9765042DCBAF}.Release|x86.Build.0 = Release|Win32
		{E4B05A67-A12D-4A0B-830D-EB1BEFB9F343}.Debug|x64.ActiveCfg = Debug|x64
		{E4B05A67-A12D-4A0B-830D-EB1BEFB9F343}.Debug|x64.Build.0 = Debug|x64
		{E4B05A67-A12D-4A0B-830D-EB1BEFB9F343}.Debug|x86.ActiveCfg = Debug|Win32
		{E4B05A67-A12D-4A0B-830D-EB1BEFB9F343}.Debug|x86.Build.0 = Debug|Win32
		{E4B05A67-A12D-4A0B-830D-EB1BEFB9F343}.Release|x64.ActiveCfg = Release|x64
		{E4B05A67-A12D-4A0B-830D-EB1BEFB9F343}.Release|x64.Build.0 = Release|x64
		{E4B05A67-A12D-4A0B-830D-EB1BEFB9F343}.Release|x86.ActiveCfg = Release|Win32
		{E4B05A67-A12D-4A0B-830D-EB1BEFB9F343}.Release|x86.Build.0 = Release|Win32
		{2EF3ADD5-2702-4272-A546-56721AD7C7A1}.Debug|x64.ActiveCfg = Debug|x64
		{2EF3ADD5-2702-4272-A546-56721AD7C7A1}.Debug|x64.Build.0 = Debug|x64
		{2EF3ADD5-2702-4272-A546-56721AD7C7A1}.Debug|x86.ActiveCfg = Debug|Win32
		{2EF3ADD5-2702-4272-A546-56721AD7C7A1}.Debug|x86.Build.0 = Debug|Win32
		{2EF3ADD5-2702-4272-A546-56721AD7C7A1}.Release|x64.ActiveCfg = Release|x64
		{2EF3ADD5-2702-4272-A546-56721AD7C7A1}.Release|x64.Build.0 = Release|x64
		{2EF3ADD5-2702-4272-A546-56721AD7C7A1}.Release|x86.ActiveCfg = Release|Win32
		{2EF3ADD5-2702-4272-A546-56721AD7C7A1}.Release|x86.Build.0 = Release|Win32
		{7C18D98E-2602-4F76-8F50-2746356EF18F}.Debug|x64.ActiveCfg = Debug|x64
		{7C18D98E-2602-4F76-8F50-2746356EF18F}.Debug|x64.Build.0 = Debug|x64
		{7C18D98E-2602-4F76-8F50-2746356EF18F}.Debug|x86.ActiveCfg = Debug|Win32
		{7C18D98E-2602-4F76-8F50-2746356EF18F}.Debug|x86.Build.0 = Debug|Win32
		{7C18D98E-2602-4F76-8F50-2746356EF18F}.Release|x64.ActiveCfg = Release|x64
		{7C18D98E-2602-4F76-8F50-2746356EF18F}.Release|x64.Build.0 = Release|x64
		{7C18D98E-2602-4F76-8F50-2746356EF18F}.Release|x86.ActiveCfg = Release|Win32
		{7C18D98E-2602-4F76-8F50-2746356EF18F}.Release|x86.Build.0 = Release|Win32
		{3A4B0CAE-2383-44B2-A2A9-A28F2F8CA61B}.Debug|x64.ActiveCfg = Debug|x64
		{3A4B0CAE-2383-44B2-A2A9-A28F2F8CA61B}.Debug|x64.Build.0 = Debug|x64
		{3A4B0CAE-2383-44B2-A2A9-A28F2F8CA61B}.Debug|x86.ActiveCfg = Debug|Win32
		{3A4B0CAE-2383-44B2-A2A9-A28F2F8CA61B}.Debug|x86.Build.0 = Debug|Win32
		{3A4B0CAE-2383-44B2-A2A9-A28F2F8CA61B}.Release|x64.ActiveCfg = Release|x64
		{3A4B0CAE-2383-44B2-A2A9-A28F2F8CA61B}.Release|x64.Build.0 = Release|x64
		{3A4B0CAE-2383-44B2-A2A9-A28F2F8CA61B}.Release|x86.ActiveCfg = Release|Win32
		{3A4B0CAE-2383-44B2-A2A9-A28F2F8CA61B}.Release|x86.Build.0 = Release|Win32
	EndGlobalSection
	GlobalSection(SolutionProperties) = preSolution
		HideSolutionNode = FALSE
	EndGlobalSection
	GlobalSection(ExtensibilityGlobals) = postSolution
		SolutionGuid = {2BDD6C25-7545-4120-AC72-CF1FA7E229C0}
	EndGlobalSection
EndGlobal
